{
  "nodes": {
    "disko": {
      "inputs": {
        "nixpkgs": [
          "nixpkgs"
        ]
      },
      "locked": {
        "lastModified": 1760701190,
        "narHash": "sha256-y7UhnWlER8r776JsySqsbTUh2Txf7K30smfHlqdaIQw=",
        "owner": "nix-community",
        "repo": "disko",
        "rev": "3a9450b26e69dcb6f8de6e2b07b3fc1c288d85f5",
        "type": "github"
      },
      "original": {
        "owner": "nix-community",
        "repo": "disko",
        "type": "github"
      }
    },
    "flake-utils": {
      "inputs": {
        "systems": "systems"
      },
      "locked": {
        "lastModified": 1731533236,
        "narHash": "sha256-l0KFg5HjrsfsO/JpG+r7fRrqm12kzFHyUHqHCVpMMbI=",
        "owner": "numtide",
        "repo": "flake-utils",
        "rev": "11707dc2f618dd54ca8739b309ec4fc024de578b",
        "type": "github"
      },
      "original": {
        "owner": "numtide",
        "repo": "flake-utils",
        "type": "github"
      }
    },
    "flake-utils_2": {
      "inputs": {
        "systems": "systems_2"
      },
      "locked": {
        "lastModified": 1731533236,
        "narHash": "sha256-l0KFg5HjrsfsO/JpG+r7fRrqm12kzFHyUHqHCVpMMbI=",
        "owner": "numtide",
        "repo": "flake-utils",
        "rev": "11707dc2f618dd54ca8739b309ec4fc024de578b",
        "type": "github"
      },
      "original": {
        "owner": "numtide",
        "repo": "flake-utils",
        "type": "github"
      }
    },
    "home-manager": {
      "inputs": {
        "nixpkgs": [
          "nixpkgs"
        ]
      },
      "locked": {
        "lastModified": 1760809591,
        "narHash": "sha256-OxGcFcQdfOK8veZkPdQuqXIotFYiy4sBQB58dMNLeHY=",
        "owner": "nix-community",
        "repo": "home-manager",
        "rev": "870883ba11ba1c84f756c0c1f9fa74cdb2a16c1e",
        "type": "github"
      },
      "original": {
        "owner": "nix-community",
        "repo": "home-manager",
        "type": "github"
      }
    },
    "invoice-sync": {
      "inputs": {
        "nixpkgs": [
          "nixpkgs"
        ]
      },
      "locked": {
        "lastModified": 1786733429,
        "narHash": "sha256-igMVbXstSaXSzXAlA/xm6yfIQ0qMyBUCmKdqSv55Rvo=",
        "ref": "refs/heads/main",
        "rev": "06ffae6f4360f003a69ac7db2262d0cb51b58d9f",
        "revCount": 9,
        "type": "git",
        "url": "ssh://git@github.com/krubrech/invoice_sync"
      },
      "original": {
        "type": "git",
        "url": "ssh://git@github.com/krubrech/invoice_sync"
      }
    },
    "invoice-sync_2": {
      "inputs": {
        "nixpkgs": [
          "koura",
          "nixpkgs"
        ]
      },
      "locked": {
        "lastModified": 1786729718,
        "narHash": "sha256-Uz8VIJLEmunSbAYiSLb40YBwO7EZ6ht+1UnpDBd7Ryw=",
        "ref": "refs/heads/main",
        "rev": "dd5d6b593e40bdb77d8a30a59461856709def36e",
        "revCount": 8,
        "type": "git",
        "url": "ssh://git@github.com/krubrech/invoice_sync"
      },
      "original": {
        "type": "git",
        "url": "ssh://git@github.com/krubrech/invoice_sync"
      }
    },
    "kai": {
      "inputs": {
        "nixpkgs": [
          "nixpkgs"
        ]
      },
      "locked": {
        "lastModified": 1787659990,
        "narHash": "sha256-Pz1w3YRxfQN4rnyDAw7O5TF295kupuJDEExr9DuW/vk=",
        "ref": "refs/heads/main",
        "rev": "c87ff0b1c3663a5482cfc4f05827dfb054607127",
        "revCount": 6,
        "type": "git",
        "url": "ssh://git@github.com/krubrech/kai"
      },
      "original": {
        "type": "git",
        "url": "ssh://git@github.com/krubrech/kai"
      }
    },
    "kai_2": {
      "inputs": {
        "nixpkgs": [
          "koura",
          "nixpkgs"
        ]
      },
      "locked": {
        "lastModified": 1787659990,
        "narHash": "sha256-Pz1w3YRxfQN4rnyDAw7O5TF295kupuJDEExr9DuW/vk=",
        "ref": "refs/heads/main",
        "rev": "c87ff0b1c3663a5482cfc4f05827dfb054607127",
        "revCount": 6,
        "type": "git",
        "url": "ssh://git@github.com/krubrech/kai"
      },
      "original": {
        "type": "git",
        "url": "ssh://git@github.com/krubrech/kai"
      }
    },
    "koura": {
      "inputs": {
        "flake-utils": "flake-utils",
        "invoice-sync": "invoice-sync_2",
        "kai": "kai_2",
        "nixpkgs": [
          "nixpkgs"
        ],
        "sops-nix": "sops-nix"
      },
      "locked": {
        "lastModified": 1787660075,
        "narHash": "sha256-Wkv2f7DvN/s1JkCEvsHlQ2ZGLFve3mn4sGAhxLJqw8E=",
        "ref": "refs/heads/main",
        "rev": "60b60b35326f2ba9f88df149004908d145ff6bc8",
        "revCount": 28,
        "type": "git",
        "url": "ssh://git@github.com/krubrech/koura"
      },
      "original": {
        "type": "git",
        "url": "ssh://git@github.com/krubrech/koura"
      }
    },
    "nixfiles": {
      "inputs": {
        "home-manager": [
          "home-manager"
        ],
        "nixgl": "nixgl",
        "nixpkgs": [
          "nixpkgs"
        ]
      },
      "locked": {
        "lastModified": 1762510434,
        "narHash": "sha256-AxzTQMgBWfkm4B/DyI1/SrJxebLQnlLcXh81t4uPkes=",
        "ref": "refs/heads/main",
        "rev": "d985fbafa863c17d43deb8353f5273759ab02cc3",
        "shallow": true,
        "type": "git",
        "url": "ssh://git@github.com/krubrech/nixfiles.git"
      },
      "original": {
        "shallow": true,
        "type": "git",
        "url": "ssh://git@github.com/krubrech/nixfiles.git"
      }
    },
    "nixgl": {
      "inputs": {
        "flake-utils": "flake-utils_2",
        "nixpkgs": [
          "nixfiles",
          "nixpkgs"
        ]
      },
      "locked": {
        "lastModified": 1752054764,
        "narHash": "sha256-Ob/HuUhANoDs+nvYqyTKrkcPXf4ZgXoqMTQoCK0RFgQ=",
        "owner": "nix-community",
        "repo": "nixGL",
        "rev": "a8e1ce7d49a149ed70df676785b07f63288f53c5",
        "type": "github"
      },
      "original": {
        "owner": "nix-community",
        "repo": "nixGL",
        "type": "github"
      }
    },
    "nixpkgs": {
      "locked": {
        "lastModified": 1780243769,
        "narHash": "sha256-x5UQuRsH3MqI0U9afaXSNqzTPSeZlRLvFAav2Ux1pNw=",
        "owner": "NixOS",
        "repo": "nixpkgs",
        "rev": "331800de5053fcebacf6813adb5db9c9dca22a0c",
        "type": "github"
      },
      "original": {
        "owner": "NixOS",
        "ref": "nixos-unstable",
        "repo": "nixpkgs",
        "type": "github"
      }
    },
    "root": {
      "inputs": {
        "disko": "disko",
        "home-manager": "home-manager",
        "invoice-sync": "invoice-sync",
        "kai": "kai",
        "koura": "koura",
        "nixfiles": "nixfiles",
        "nixpkgs": "nixpkgs",
        "sops-nix": "sops-nix_2"
      }
    },
    "sops-nix": {
      "inputs": {
        "nixpkgs": [
          "koura",
          "nixpkgs"
        ]
      },
      "locked": {
        "lastModified": 1782165805,
        "narHash": "sha256-478kKQBvK6SYTOdN2h9jhKJv94nbXRbFMfuL1WshErg=",
        "owner": "Mic92",
        "repo": "sops-nix",
        "rev": "56b24064fdcaedca53553b1a6d607fd23b613a24",
        "type": "github"
      },
      "original": {
        "owner": "Mic92",
        "repo": "sops-nix",
        "type": "github"
      }
    },
    "sops-nix_2": {
      "inputs": {
        "nixpkgs": [
          "nixpkgs"
        ]
      },
      "locked": {
        "lastModified": 1782165805,
        "narHash": "sha256-478kKQBvK6SYTOdN2h9jhKJv94nbXRbFMfuL1WshErg=",
        "owner": "Mic92",
        "repo": "sops-nix",
        "rev": "56b24064fdcaedca53553b1a6d607fd23b613a24",
        "type": "github"
      },
      "original": {
        "owner": "Mic92",
        "repo": "sops-nix",
        "type": "github"
      }
    },
    "systems": {
      "locked": {
        "lastModified": 1681028828,
        "narHash": "sha256-Vy1rq5AaRuLzOxct8nz4T6wlgyUR7zLU309k9mBC768=",
        "owner": "nix-systems",
        "repo": "default",
        "rev": "da67096a3b9bf56a91d16901293e51ba5b49a27e",
        "type": "github"
      },
      "original": {
        "owner": "nix-systems",
        "repo": "default",
        "type": "github"
      }
    },
    "systems_2": {
      "locked": {
        "lastModified": 1681028828,
        "narHash": "sha256-Vy1rq5AaRuLzOxct8nz4T6wlgyUR7zLU309k9mBC768=",
        "owner": "nix-systems",
        "repo": "default",
        "rev": "da67096a3b9bf56a91d16901293e51ba5b49a27e",
        "type": "github"
      },
      "original": {
        "owner": "nix-systems",
        "repo": "default",
        "type": "github"
      }
    }
  },
  "root": "root",
  "version": 7
}
